
Microsoft Visual Studio Solution File, Format Version 12.00
# Visual Studio Version 17
VisualStudioVersion = 17.5.33424.131
MinimumVisualStudioVersion = 10.0.40219.1
Project("{FAE04EC0-301F-11D3-BF4B-00C04F79EFBC}") = "NTP3AnalysisExportGUI", "NTP3AnalysisExportGUI\NTP3AnalysisExportGUI.csproj", "{363D1EE1-0256-43BA-9963-EFF62A9B9D44}"
EndProject
Project("{FAE04EC0-301F-11D3-BF4B-00C04F79EFBC}") = "NTP3Library", "NTP3Library\NTP3Library.csproj", "{4CC81B96-998D-48DF-8957-9E1134A24977}"
EndProject
Project("{FAE04EC0-301F-11D3-BF4B-00C04F79EFBC}") = "NTP3Utils", "NTP3Utils\NTP3Utils.csproj", "{2668808B-16D3-4532-8CEB-601FEFF28EFC}"
EndProject
Project("{FAE04EC0-301F-11D3-BF4B-00C04F79EFBC}") = "NTP3DI", "NTP3DI\NTP3DI.csproj", "{3737EE74-BE09-44A2-A4A1-F947DCBE88FA}"
EndProject
Global
	GlobalSection(SolutionConfigurationPlatforms) = preSolution
		Debug|Any CPU = Debug|Any CPU
		Release|Any CPU = Release|Any CPU
	EndGlobalSection
	GlobalSection(ProjectConfigurationPlatforms) = postSolution
		{363D1EE1-0256-43BA-9963-EFF62A9B9D44}.Debug|Any CPU.ActiveCfg = Debug|Any CPU
		{363D1EE1-0256-43BA-9963-EFF62A9B9D44}.Debug|Any CPU.Build.0 = Debug|Any CPU
		{363D1EE1-0256-43BA-9963-EFF62A9B9D44}.Release|Any CPU.ActiveCfg = Release|Any CPU
		{363D1EE1-0256-43BA-9963-EFF62A9B9D44}.Release|Any CPU.Build.0 = Release|Any CPU
		{4CC81B96-998D-48DF-8957-9E1134A24977}.Debug|Any CPU.ActiveCfg = Debug|Any CPU
		{4CC81B96-998D-48DF-8957-9E1134A24977}.Debug|Any CPU.Build.0 = Debug|Any CPU
		{4CC81B96-998D-48DF-8957-9E1134A24977}.Release|Any CPU.ActiveCfg = Release|Any CPU
		{4CC81B96-998D-48DF-8957-9E1134A24977}.Release|Any CPU.Build.0 = Release|Any CPU
		{2668808B-16D3-4532-8CEB-601FEFF28EFC}.Debug|Any CPU.ActiveCfg = Debug|Any CPU
		{2668808B-16D3-4532-8CEB-601FEFF28EFC}.Debug|Any CPU.Build.0 = Debug|Any CPU
		{2668808B-16D3-4532-8CEB-601FEFF28EFC}.Release|Any CPU.ActiveCfg = Release|Any CPU
		{2668808B-16D3-4532-8CEB-601FEFF28EFC}.Release|Any CPU.Build.0 = Release|Any CPU
		{3737EE74-BE09-44A2-A4A1-F947DCBE88FA}.Debug|Any CPU.ActiveCfg = Debug|Any CPU
		{3737EE74-BE09-44A2-A4A1-F947DCBE88FA}.Debug|Any CPU.Build.0 = Debug|Any CPU
		{3737EE74-BE09-44A2-A4A1-F947DCBE88FA}.Release|Any CPU.ActiveCfg = Release|Any CPU
		{3737EE74-BE09-44A2-A4A1-F947DCBE88FA}.Release|Any CPU.Build.0 = Release|Any CPU
	EndGlobalSection
	GlobalSection(SolutionProperties) = preSolution
		HideSolutionNode = FALSE
	EndGlobalSection
	GlobalSection(ExtensibilityGlobals) = postSolution
		SolutionGuid = {799BA2F7-3360-4F1D-A675-7CF2E915C6CC}
	EndGlobalSection
EndGlobal
